
Microsoft Visual Studio Solution File, Format Version 12.00
# Visual Studio Version 17
VisualStudioVersion = 17.14.36511.14
MinimumVisualStudioVersion = 10.0.40219.1
Project("{FAE04EC0-301F-11D3-BF4B-00C04F79EFBC}") = "ApiGateway", "ApiGateway\ApiGateway.csproj", "{1EFF7FD1-EC35-4538-BF7A-9BCC373CADBC}"
EndProject
Project("{2150E333-8FDC-42A3-9474-1A3956D46DE8}") = "Shared", "Shared", "{4F52FD11-658E-A102-6CD3-7D7C16FFA15B}"
EndProject
Project("{FAE04EC0-301F-11D3-BF4B-00C04F79EFBC}") = "Shared.Common", "Shared\Shared.Common\Shared.Common.csproj", "{632AA780-1F3A-4004-8F24-FD3E6F737014}"
EndProject
Project("{2150E333-8FDC-42A3-9474-1A3956D46DE8}") = "Services", "Services", "{5854FF58-B8C5-05C6-5BF2-ACE42193F22B}"
EndProject
Project("{FAE04EC0-301F-11D3-BF4B-00C04F79EFBC}") = "IdentityService", "Services\IdentityService\IdentityService.csproj", "{0509CE42-895A-49FE-87DE-CA85E087A712}"
EndProject
Project("{FAE04EC0-301F-11D3-BF4B-00C04F79EFBC}") = "VocabularyService", "Services\VocabularyService\VocabularyService.csproj", "{75D58914-37BD-44A9-806E-E35D12005BF1}"
EndProject
Project("{FAE04EC0-301F-11D3-BF4B-00C04F79EFBC}") = "QuizService", "Services\QuizService\QuizService.csproj", "{D49A39A8-BAA9-4760-A854-82465394360F}"
EndProject
Project("{FAE04EC0-301F-11D3-BF4B-00C04F79EFBC}") = "LearningProgressService", "Services\LearningProgressService\LearningProgressService.csproj", "{053EE97D-D6DD-41C0-8BDC-6E7E1E2C03B3}"
EndProject
Project("{FAE04EC0-301F-11D3-BF4B-00C04F79EFBC}") = "GrammarService", "Services\GrammarService\GrammarService.csproj", "{0AFBF3D4-325C-4260-B7D8-07A366D5FE7A}"
EndProject
Project("{FAE04EC0-301F-11D3-BF4B-00C04F79EFBC}") = "NotificationService", "Services\NotificationService\NotificationService.csproj", "{7D9689A4-C880-497B-B0DD-94FA0D75A612}"
EndProject
Global
	GlobalSection(SolutionConfigurationPlatforms) = preSolution
		Debug|Any CPU = Debug|Any CPU
		Debug|x64 = Debug|x64
		Debug|x86 = Debug|x86
		Release|Any CPU = Release|Any CPU
		Release|x64 = Release|x64
		Release|x86 = Release|x86
	EndGlobalSection
	GlobalSection(ProjectConfigurationPlatforms) = postSolution
		{1EFF7FD1-EC35-4538-BF7A-9BCC373CADBC}.Debug|Any CPU.ActiveCfg = Debug|Any CPU
		{1EFF7FD1-EC35-4538-BF7A-9BCC373CADBC}.Debug|Any CPU.Build.0 = Debug|Any CPU
		{1EFF7FD1-EC35-4538-BF7A-9BCC373CADBC}.Debug|x64.ActiveCfg = Debug|Any CPU
		{1EFF7FD1-EC35-4538-BF7A-9BCC373CADBC}.Debug|x64.Build.0 = Debug|Any CPU
		{1EFF7FD1-EC35-4538-BF7A-9BCC373CADBC}.Debug|x86.ActiveCfg = Debug|Any CPU
		{1EFF7FD1-EC35-4538-BF7A-9BCC373CADBC}.Debug|x86.Build.0 = Debug|Any CPU
		{1EFF7FD1-EC35-4538-BF7A-9BCC373CADBC}.Release|Any CPU.ActiveCfg = Release|Any CPU
		{1EFF7FD1-EC35-4538-BF7A-9BCC373CADBC}.Release|Any CPU.Build.0 = Release|Any CPU
		{1EFF7FD1-EC35-4538-BF7A-9BCC373CADBC}.Release|x64.ActiveCfg = Release|Any CPU
		{1EFF7FD1-EC35-4538-BF7A-9BCC373CADBC}.Release|x64.Build.0 = Release|Any CPU
		{1EFF7FD1-EC35-4538-BF7A-9BCC373CADBC}.Release|x86.ActiveCfg = Release|Any CPU
		{1EFF7FD1-EC35-4538-BF7A-9BCC373CADBC}.Release|x86.Build.0 = Release|Any CPU
		{632AA780-1F3A-4004-8F24-FD3E6F737014}.Debug|Any CPU.ActiveCfg = Debug|Any CPU
		{632AA780-1F3A-4004-8F24-FD3E6F737014}.Debug|Any CPU.Build.0 = Debug|Any CPU
		{632AA780-1F3A-4004-8F24-FD3E6F737014}.Debug|x64.ActiveCfg = Debug|Any CPU
		{632AA780-1F3A-4004-8F24-FD3E6F737014}.Debug|x64.Build.0 = Debug|Any CPU
		{632AA780-1F3A-4004-8F24-FD3E6F737014}.Debug|x86.ActiveCfg = Debug|Any CPU
		{632AA780-1F3A-4004-8F24-FD3E6F737014}.Debug|x86.Build.0 = Debug|Any CPU
		{632AA780-1F3A-4004-8F24-FD3E6F737014}.Release|Any CPU.ActiveCfg = Release|Any CPU
		{632AA780-1F3A-4004-8F24-FD3E6F737014}.Release|Any CPU.Build.0 = Release|Any CPU
		{632AA780-1F3A-4004-8F24-FD3E6F737014}.Release|x64.ActiveCfg = Release|Any CPU
		{632AA780-1F3A-4004-8F24-FD3E6F737014}.Release|x64.Build.0 = Release|Any CPU
		{632AA780-1F3A-4004-8F24-FD3E6F737014}.Release|x86.ActiveCfg = Release|Any CPU
		{632AA780-1F3A-4004-8F24-FD3E6F737014}.Release|x86.Build.0 = Release|Any CPU
		{0509CE42-895A-49FE-87DE-CA85E087A712}.Debug|Any CPU.ActiveCfg = Debug|Any CPU
		{0509CE42-895A-49FE-87DE-CA85E087A712}.Debug|Any CPU.Build.0 = Debug|Any CPU
		{0509CE42-895A-49FE-87DE-CA85E087A712}.Debug|x64.ActiveCfg = Debug|Any CPU
		{0509CE42-895A-49FE-87DE-CA85E087A712}.Debug|x64.Build.0 = Debug|Any CPU
		{0509CE42-895A-49FE-87DE-CA85E087A712}.Debug|x86.ActiveCfg = Debug|Any CPU
		{0509CE42-895A-49FE-87DE-CA85E087A712}.Debug|x86.Build.0 = Debug|Any CPU
		{0509CE42-895A-49FE-87DE-CA85E087A712}.Release|Any CPU.ActiveCfg = Release|Any CPU
		{0509CE42-895A-49FE-87DE-CA85E087A712}.Release|Any CPU.Build.0 = Release|Any CPU
		{0509CE42-895A-49FE-87DE-CA85E087A712}.Release|x64.ActiveCfg = Release|Any CPU
		{0509CE42-895A-49FE-87DE-CA85E087A712}.Release|x64.Build.0 = Release|Any CPU
		{0509CE42-895A-49FE-87DE-CA85E087A712}.Release|x86.ActiveCfg = Release|Any CPU
		{0509CE42-895A-49FE-87DE-CA85E087A712}.Release|x86.Build.0 = Release|Any CPU
		{75D58914-37BD-44A9-806E-E35D12005BF1}.Debug|Any CPU.ActiveCfg = Debug|Any CPU
		{75D58914-37BD-44A9-806E-E35D12005BF1}.Debug|Any CPU.Build.0 = Debug|Any CPU
		{75D58914-37BD-44A9-806E-E35D12005BF1}.Debug|x64.ActiveCfg = Debug|Any CPU
		{75D58914-37BD-44A9-806E-E35D12005BF1}.Debug|x64.Build.0 = Debug|Any CPU
		{75D58914-37BD-44A9-806E-E35D12005BF1}.Debug|x86.ActiveCfg = Debug|Any CPU
		{75D58914-37BD-44A9-806E-E35D12005BF1}.Debug|x86.Build.0 = Debug|Any CPU
		{75D58914-37BD-44A9-806E-E35D12005BF1}.Release|Any CPU.ActiveCfg = Release|Any CPU
		{75D58914-37BD-44A9-806E-E35D12005BF1}.Release|Any CPU.Build.0 = Release|Any CPU
		{75D58914-37BD-44A9-806E-E35D12005BF1}.Release|x64.ActiveCfg = Release|Any CPU
		{75D58914-37BD-44A9-806E-E35D12005BF1}.Release|x64.Build.0 = Release|Any CPU
		{75D58914-37BD-44A9-806E-E35D12005BF1}.Release|x86.ActiveCfg = Release|Any CPU
		{75D58914-37BD-44A9-806E-E35D12005BF1}.Release|x86.Build.0 = Release|Any CPU
		{D49A39A8-BAA9-4760-A854-82465394360F}.Debug|Any CPU.ActiveCfg = Debug|Any CPU
		{D49A39A8-BAA9-4760-A854-82465394360F}.Debug|Any CPU.Build.0 = Debug|Any CPU
		{D49A39A8-BAA9-4760-A854-82465394360F}.Debug|x64.ActiveCfg = Debug|Any CPU
		{D49A39A8-BAA9-4760-A854-82465394360F}.Debug|x64.Build.0 = Debug|Any CPU
		{D49A39A8-BAA9-4760-A854-82465394360F}.Debug|x86.ActiveCfg = Debug|Any CPU
		{D49A39A8-BAA9-4760-A854-82465394360F}.Debug|x86.Build.0 = Debug|Any CPU
		{D49A39A8-BAA9-4760-A854-82465394360F}.Release|Any CPU.ActiveCfg = Release|Any CPU
		{D49A39A8-BAA9-4760-A854-82465394360F}.Release|Any CPU.Build.0 = Release|Any CPU
		{D49A39A8-BAA9-4760-A854-82465394360F}.Release|x64.ActiveCfg = Release|Any CPU
		{D49A39A8-BAA9-4760-A854-82465394360F}.Release|x64.Build.0 = Release|Any CPU
		{D49A39A8-BAA9-4760-A854-82465394360F}.Release|x86.ActiveCfg = Release|Any CPU
		{D49A39A8-BAA9-4760-A854-82465394360F}.Release|x86.Build.0 = Release|Any CPU
		{053EE97D-D6DD-41C0-8BDC-6E7E1E2C03B3}.Debug|Any CPU.ActiveCfg = Debug|Any CPU
		{053EE97D-D6DD-41C0-8BDC-6E7E1E2C03B3}.Debug|Any CPU.Build.0 = Debug|Any CPU
		{053EE97D-D6DD-41C0-8BDC-6E7E1E2C03B3}.Debug|x64.ActiveCfg = Debug|Any CPU
		{053EE97D-D6DD-41C0-8BDC-6E7E1E2C03B3}.Debug|x64.Build.0 = Debug|Any CPU
		{053EE97D-D6DD-41C0-8BDC-6E7E1E2C03B3}.Debug|x86.ActiveCfg = Debug|Any CPU
		{053EE97D-D6DD-41C0-8BDC-6E7E1E2C03B3}.Debug|x86.Build.0 = Debug|Any CPU
		{053EE97D-D6DD-41C0-8BDC-6E7E1E2C03B3}.Release|Any CPU.ActiveCfg = Release|Any CPU
		{053EE97D-D6DD-41C0-8BDC-6E7E1E2C03B3}.Release|Any CPU.Build.0 = Release|Any CPU
		{053EE97D-D6DD-41C0-8BDC-6E7E1E2C03B3}.Release|x64.ActiveCfg = Release|Any CPU
		{053EE97D-D6DD-41C0-8BDC-6E7E1E2C03B3}.Release|x64.Build.0 = Release|Any CPU
		{053EE97D-D6DD-41C0-8BDC-6E7E1E2C03B3}.Release|x86.ActiveCfg = Release|Any CPU
		{053EE97D-D6DD-41C0-8BDC-6E7E1E2C03B3}.Release|x86.Build.0 = Release|Any CPU
		{0AFBF3D4-325C-4260-B7D8-07A366D5FE7A}.Debug|Any CPU.ActiveCfg = Debug|Any CPU
		{0AFBF3D4-325C-4260-B7D8-07A366D5FE7A}.Debug|Any CPU.Build.0 = Debug|Any CPU
		{0AFBF3D4-325C-4260-B7D8-07A366D5FE7A}.Debug|x64.ActiveCfg = Debug|Any CPU
		{0AFBF3D4-325C-4260-B7D8-07A366D5FE7A}.Debug|x64.Build.0 = Debug|Any CPU
		{0AFBF3D4-325C-4260-B7D8-07A366D5FE7A}.Debug|x86.ActiveCfg = Debug|Any CPU
		{0AFBF3D4-325C-4260-B7D8-07A366D5FE7A}.Debug|x86.Build.0 = Debug|Any CPU
		{0AFBF3D4-325C-4260-B7D8-07A366D5FE7A}.Release|Any CPU.ActiveCfg = Release|Any CPU
		{0AFBF3D4-325C-4260-B7D8-07A366D5FE7A}.Release|Any CPU.Build.0 = Release|Any CPU
		{0AFBF3D4-325C-4260-B7D8-07A366D5FE7A}.Release|x64.ActiveCfg = Release|Any CPU
		{0AFBF3D4-325C-4260-B7D8-07A366D5FE7A}.Release|x64.Build.0 = Release|Any CPU
		{0AFBF3D4-325C-4260-B7D8-07A366D5FE7A}.Release|x86.ActiveCfg = Release|Any CPU
		{0AFBF3D4-325C-4260-B7D8-07A366D5FE7A}.Release|x86.Build.0 = Release|Any CPU
		{7D9689A4-C880-497B-B0DD-94FA0D75A612}.Debug|Any CPU.ActiveCfg = Debug|Any CPU
		{7D9689A4-C880-497B-B0DD-94FA0D75A612}.Debug|Any CPU.Build.0 = Debug|Any CPU
		{7D9689A4-C880-497B-B0DD-94FA0D75A612}.Debug|x64.ActiveCfg = Debug|Any CPU
		{7D9689A4-C880-497B-B0DD-94FA0D75A612}.Debug|x64.Build.0 = Debug|Any CPU
		{7D9689A4-C880-497B-B0DD-94FA0D75A612}.Debug|x86.ActiveCfg = Debug|Any CPU
		{7D9689A4-C880-497B-B0DD-94FA0D75A612}.Debug|x86.Build.0 = Debug|Any CPU
		{7D9689A4-C880-497B-B0DD-94FA0D75A612}.Release|Any CPU.ActiveCfg = Release|Any CPU
		{7D9689A4-C880-497B-B0DD-94FA0D75A612}.Release|Any CPU.Build.0 = Release|Any CPU
		{7D9689A4-C880-497B-B0DD-94FA0D75A612}.Release|x64.ActiveCfg = Release|Any CPU
		{7D9689A4-C880-497B-B0DD-94FA0D75A612}.Release|x64.Build.0 = Release|Any CPU
		{7D9689A4-C880-497B-B0DD-94FA0D75A612}.Release|x86.ActiveCfg = Release|Any CPU
		{7D9689A4-C880-497B-B0DD-94FA0D75A612}.Release|x86.Build.0 = Release|Any CPU
	EndGlobalSection
	GlobalSection(SolutionProperties) = preSolution
		HideSolutionNode = FALSE
	EndGlobalSection
	GlobalSection(NestedProjects) = preSolution
		{632AA780-1F3A-4004-8F24-FD3E6F737014} = {4F52FD11-658E-A102-6CD3-7D7C16FFA15B}
		{0509CE42-895A-49FE-87DE-CA85E087A712} = {5854FF58-B8C5-05C6-5BF2-ACE42193F22B}
		{75D58914-37BD-44A9-806E-E35D12005BF1} = {5854FF58-B8C5-05C6-5BF2-ACE42193F22B}
		{D49A39A8-BAA9-4760-A854-82465394360F} = {5854FF58-B8C5-05C6-5BF2-ACE42193F22B}
		{053EE97D-D6DD-41C0-8BDC-6E7E1E2C03B3} = {5854FF58-B8C5-05C6-5BF2-ACE42193F22B}
		{0AFBF3D4-325C-4260-B7D8-07A366D5FE7A} = {5854FF58-B8C5-05C6-5BF2-ACE42193F22B}
		{7D9689A4-C880-497B-B0DD-94FA0D75A612} = {5854FF58-B8C5-05C6-5BF2-ACE42193F22B}
	EndGlobalSection
	GlobalSection(ExtensibilityGlobals) = postSolution
		SolutionGuid = {16FAFB17-2907-4AB8-BD5D-3FB00FCFCEAC}
	EndGlobalSection
EndGlobal
